
Microsoft Visual Studio Solution File, Format Version 12.00
# Visual Studio Version 18
VisualStudioVersion = 18.3.11505.172 d18.3
MinimumVisualStudioVersion = 10.0.40219.1
Project("{FAE04EC0-301F-11D3-BF4B-00C04F79EFBC}") = "MCCTheatreBrowser", "MCCTheatreBrowser.csproj", "{473E9456-5204-9B96-3099-AEB4652E9F9C}"
EndProject
Global
	GlobalSection(SolutionConfigurationPlatforms) = preSolution
		Debug|Any CPU = Debug|Any CPU
		Release|Any CPU = Release|Any CPU
	EndGlobalSection
	GlobalSection(ProjectConfigurationPlatforms) = postSolution
		{473E9456-5204-9B96-3099-AEB4652E9F9C}.Debug|Any CPU.ActiveCfg = Debug|Any CPU
		{473E9456-5204-9B96-3099-AEB4652E9F9C}.Debug|Any CPU.Build.0 = Debug|Any CPU
		{473E9456-5204-9B96-3099-AEB4652E9F9C}.Release|Any CPU.ActiveCfg = Release|Any CPU
		{473E9456-5204-9B96-3099-AEB4652E9F9C}.Release|Any CPU.Build.0 = Release|Any CPU
	EndGlobalSection
	GlobalSection(SolutionProperties) = preSolution
		HideSolutionNode = FALSE
	EndGlobalSection
	GlobalSection(ExtensibilityGlobals) = postSolution
		SolutionGuid = {29DD34FC-5BC6-4D7F-A899-C09F7A938769}
	EndGlobalSection
EndGlobal
